// !$*UTF8*$!
{
	archiveVersion = 1;
	classes = {
	};
	objectVersion = 51;
	objects = {

/* Begin PBXBuildFile section */
		0FD650A540565E310596561A /* Pods_SizeThatFitsLayout.framework in Frameworks */ = {isa = PBXBuildFile; fileRef = BA3241F7B9E8F9502D3DA92B /* Pods_SizeThatFitsLayout.framework */; };
		14B10762262B3F9500F99413 /* AppDelegate.swift in Sources */ = {isa = PBXBuildFile; fileRef = 14B10761262B3F9500F99413 /* AppDelegate.swift */; };
		14B10764262B3F9500F99413 /* SceneDelegate.swift in Sources */ = {isa = PBXBuildFile; fileRef = 14B10763262B3F9500F99413 /* SceneDelegate.swift */; };
		14B1076B262B3F9600F99413 /* Assets.xcassets in Resources */ = {isa = PBXBuildFile; fileRef = 14B1076A262B3F9600F99413 /* Assets.xcassets */; };
		14B1076E262B3F9600F99413 /* LaunchScreen.storyboard in Resources */ = {isa = PBXBuildFile; fileRef = 14B1076C262B3F9600F99413 /* LaunchScreen.storyboard */; };
		14B1077F262B424B00F99413 /* ModuleFactory.swift in Sources */ = {isa = PBXBuildFile; fileRef = 14B1077E262B424B00F99413 /* ModuleFactory.swift */; };
		14B10782262B426300F99413 /* RootViewController.swift in Sources */ = {isa = PBXBuildFile; fileRef = 14B10781262B426300F99413 /* RootViewController.swift */; };
		14B10786262B49BE00F99413 /* CoordinatorController.swift in Sources */ = {isa = PBXBuildFile; fileRef = 14B10785262B49BE00F99413 /* CoordinatorController.swift */; };
		14B1078D262B4CC400F99413 /* ViewSpecifying.swift in Sources */ = {isa = PBXBuildFile; fileRef = 14B1078C262B4CC400F99413 /* ViewSpecifying.swift */; };
		14B10791262B4F1800F99413 /* ExampleSelectViewController.swift in Sources */ = {isa = PBXBuildFile; fileRef = 14B10790262B4F1800F99413 /* ExampleSelectViewController.swift */; };
		14B10794262B588F00F99413 /* ExampleSelectRootView.swift in Sources */ = {isa = PBXBuildFile; fileRef = 14B10793262B588F00F99413 /* ExampleSelectRootView.swift */; };
		14B10797262B66FD00F99413 /* ExampleSelectViewModel.swift in Sources */ = {isa = PBXBuildFile; fileRef = 14B10796262B66FD00F99413 /* ExampleSelectViewModel.swift */; };
		14B1079A262B6B5B00F99413 /* ExampleSelectModel.swift in Sources */ = {isa = PBXBuildFile; fileRef = 14B10799262B6B5B00F99413 /* ExampleSelectModel.swift */; };
		14B107AD262B7E2600F99413 /* FlexExampleViewController.swift in Sources */ = {isa = PBXBuildFile; fileRef = 14B107AC262B7E2600F99413 /* FlexExampleViewController.swift */; };
		14B107B1262B7E3400F99413 /* FlexExampleView.swift in Sources */ = {isa = PBXBuildFile; fileRef = 14B107B0262B7E3400F99413 /* FlexExampleView.swift */; };
		14B107B4262B7E4000F99413 /* FlexExampleModel.swift in Sources */ = {isa = PBXBuildFile; fileRef = 14B107B3262B7E4000F99413 /* FlexExampleModel.swift */; };
		14B107B7262B7E4F00F99413 /* FlexExampleViewModel.swift in Sources */ = {isa = PBXBuildFile; fileRef = 14B107B6262B7E4F00F99413 /* FlexExampleViewModel.swift */; };
		14B107BA262B7E6000F99413 /* PinExampleViewController.swift in Sources */ = {isa = PBXBuildFile; fileRef = 14B107B9262B7E6000F99413 /* PinExampleViewController.swift */; };
		14B107BD262B7E6B00F99413 /* PinExampleViewModel.swift in Sources */ = {isa = PBXBuildFile; fileRef = 14B107BC262B7E6B00F99413 /* PinExampleViewModel.swift */; };
		14B107C0262B7E7500F99413 /* PinExampleView.swift in Sources */ = {isa = PBXBuildFile; fileRef = 14B107BF262B7E7500F99413 /* PinExampleView.swift */; };
		14B107C3262B7E7F00F99413 /* PinExampleModel.swift in Sources */ = {isa = PBXBuildFile; fileRef = 14B107C2262B7E7F00F99413 /* PinExampleModel.swift */; };
		14B107C6262B7E8C00F99413 /* FrameExampleViewController.swift in Sources */ = {isa = PBXBuildFile; fileRef = 14B107C5262B7E8C00F99413 /* FrameExampleViewController.swift */; };
		14B107C9262B7E9700F99413 /* FrameExampleView.swift in Sources */ = {isa = PBXBuildFile; fileRef = 14B107C8262B7E9700F99413 /* FrameExampleView.swift */; };
		14B107CC262B7EA300F99413 /* FrameExampleViewModel.swift in Sources */ = {isa = PBXBuildFile; fileRef = 14B107CB262B7EA300F99413 /* FrameExampleViewModel.swift */; };
		14B107D0262B7EB200F99413 /* FrameExampleModel.swift in Sources */ = {isa = PBXBuildFile; fileRef = 14B107CF262B7EB200F99413 /* FrameExampleModel.swift */; };
		14EA087A2640842D00CD5F30 /* FlexExampleChildView.swift in Sources */ = {isa = PBXBuildFile; fileRef = 14EA08792640842D00CD5F30 /* FlexExampleChildView.swift */; };
		14EA087E264084A200CD5F30 /* FlexExampleChildViewModel.swift in Sources */ = {isa = PBXBuildFile; fileRef = 14EA087D264084A200CD5F30 /* FlexExampleChildViewModel.swift */; };
		14EA088126408AEF00CD5F30 /* PinExampleChildView.swift in Sources */ = {isa = PBXBuildFile; fileRef = 14EA088026408AEF00CD5F30 /* PinExampleChildView.swift */; };
		14EA088426408B5500CD5F30 /* PinExampleChildViewModel.swift in Sources */ = {isa = PBXBuildFile; fileRef = 14EA088326408B5500CD5F30 /* PinExampleChildViewModel.swift */; };
/* End PBXBuildFile section */

/* Begin PBXFileReference section */
		14B1075E262B3F9500F99413 /* SizeThatFitsLayout.app */ = {isa = PBXFileReference; explicitFileType = wrapper.application; includeInIndex = 0; path = SizeThatFitsLayout.app; sourceTree = BUILT_PRODUCTS_DIR; };
		14B10761262B3F9500F99413 /* AppDelegate.swift */ = {isa = PBXFileReference; lastKnownFileType = sourcecode.swift; path = AppDelegate.swift; sourceTree = "<group>"; };
		14B10763262B3F9500F99413 /* SceneDelegate.swift */ = {isa = PBXFileReference; lastKnownFileType = sourcecode.swift; path = SceneDelegate.swift; sourceTree = "<group>"; };
		14B1076A262B3F9600F99413 /* Assets.xcassets */ = {isa = PBXFileReference; lastKnownFileType = folder.assetcatalog; path = Assets.xcassets; sourceTree = "<group>"; };
		14B1076D262B3F9600F99413 /* Base */ = {isa = PBXFileReference; lastKnownFileType = file.storyboard; name = Base; path = Base.lproj/LaunchScreen.storyboard; sourceTree = "<group>"; };
		14B1076F262B3F9600F99413 /* Info.plist */ = {isa = PBXFileReference; lastKnownFileType = text.plist.xml; path = Info.plist; sourceTree = "<group>"; };
		14B1077E262B424B00F99413 /* ModuleFactory.swift */ = {isa = PBXFileReference; lastKnownFileType = sourcecode.swift; path = ModuleFactory.swift; sourceTree = "<group>"; };
		14B10781262B426300F99413 /* RootViewController.swift */ = {isa = PBXFileReference; lastKnownFileType = sourcecode.swift; path = RootViewController.swift; sourceTree = "<group>"; };
		14B10785262B49BE00F99413 /* CoordinatorController.swift */ = {isa = PBXFileReference; lastKnownFileType = sourcecode.swift; path = CoordinatorController.swift; sourceTree = "<group>"; };
		14B1078C262B4CC400F99413 /* ViewSpecifying.swift */ = {isa = PBXFileReference; lastKnownFileType = sourcecode.swift; path = ViewSpecifying.swift; sourceTree = "<group>"; };
		14B10790262B4F1800F99413 /* ExampleSelectViewController.swift */ = {isa = PBXFileReference; lastKnownFileType = sourcecode.swift; path = ExampleSelectViewController.swift; sourceTree = "<group>"; };
		14B10793262B588F00F99413 /* ExampleSelectRootView.swift */ = {isa = PBXFileReference; lastKnownFileType = sourcecode.swift; path = ExampleSelectRootView.swift; sourceTree = "<group>"; };
		14B10796262B66FD00F99413 /* ExampleSelectViewModel.swift */ = {isa = PBXFileReference; lastKnownFileType = sourcecode.swift; path = ExampleSelectViewModel.swift; sourceTree = "<group>"; };
		14B10799262B6B5B00F99413 /* ExampleSelectModel.swift */ = {isa = PBXFileReference; lastKnownFileType = sourcecode.swift; path = ExampleSelectModel.swift; sourceTree = "<group>"; };
		14B107AC262B7E2600F99413 /* FlexExampleViewController.swift */ = {isa = PBXFileReference; lastKnownFileType = sourcecode.swift; path = FlexExampleViewController.swift; sourceTree = "<group>"; };
		14B107B0262B7E3400F99413 /* FlexExampleView.swift */ = {isa = PBXFileReference; lastKnownFileType = sourcecode.swift; path = FlexExampleView.swift; sourceTree = "<group>"; };
		14B107B3262B7E4000F99413 /* FlexExampleModel.swift */ = {isa = PBXFileReference; lastKnownFileType = sourcecode.swift; path = FlexExampleModel.swift; sourceTree = "<group>"; };
		14B107B6262B7E4F00F99413 /* FlexExampleViewModel.swift */ = {isa = PBXFileReference; lastKnownFileType = sourcecode.swift; path = FlexExampleViewModel.swift; sourceTree = "<group>"; };
		14B107B9262B7E6000F99413 /* PinExampleViewController.swift */ = {isa = PBXFileReference; lastKnownFileType = sourcecode.swift; path = PinExampleViewController.swift; sourceTree = "<group>"; };
		14B107BC262B7E6B00F99413 /* PinExampleViewModel.swift */ = {isa = PBXFileReference; lastKnownFileType = sourcecode.swift; path = PinExampleViewModel.swift; sourceTree = "<group>"; };
		14B107BF262B7E7500F99413 /* PinExampleView.swift */ = {isa = PBXFileReference; lastKnownFileType = sourcecode.swift; path = PinExampleView.swift; sourceTree = "<group>"; };
		14B107C2262B7E7F00F99413 /* PinExampleModel.swift */ = {isa = PBXFileReference; lastKnownFileType = sourcecode.swift; path = PinExampleModel.swift; sourceTree = "<group>"; };
		14B107C5262B7E8C00F99413 /* FrameExampleViewController.swift */ = {isa = PBXFileReference; lastKnownFileType = sourcecode.swift; path = FrameExampleViewController.swift; sourceTree = "<group>"; };
		14B107C8262B7E9700F99413 /* FrameExampleView.swift */ = {isa = PBXFileReference; lastKnownFileType = sourcecode.swift; path = FrameExampleView.swift; sourceTree = "<group>"; };
		14B107CB262B7EA300F99413 /* FrameExampleViewModel.swift */ = {isa = PBXFileReference; lastKnownFileType = sourcecode.swift; path = FrameExampleViewModel.swift; sourceTree = "<group>"; };
		14B107CF262B7EB200F99413 /* FrameExampleModel.swift */ = {isa = PBXFileReference; lastKnownFileType = sourcecode.swift; path = FrameExampleModel.swift; sourceTree = "<group>"; };
		14EA08792640842D00CD5F30 /* FlexExampleChildView.swift */ = {isa = PBXFileReference; lastKnownFileType = sourcecode.swift; path = FlexExampleChildView.swift; sourceTree = "<group>"; };
		14EA087D264084A200CD5F30 /* FlexExampleChildViewModel.swift */ = {isa = PBXFileReference; lastKnownFileType = sourcecode.swift; path = FlexExampleChildViewModel.swift; sourceTree = "<group>"; };
		14EA088026408AEF00CD5F30 /* PinExampleChildView.swift */ = {isa = PBXFileReference; lastKnownFileType = sourcecode.swift; path = PinExampleChildView.swift; sourceTree = "<group>"; };
		14EA088326408B5500CD5F30 /* PinExampleChildViewModel.swift */ = {isa = PBXFileReference; lastKnownFileType = sourcecode.swift; path = PinExampleChildViewModel.swift; sourceTree = "<group>"; };
		8880025F4AE817C429A32CB2 /* Pods-SizeThatFitsLayout.release.xcconfig */ = {isa = PBXFileReference; includeInIndex = 1; lastKnownFileType = text.xcconfig; name = "Pods-SizeThatFitsLayout.release.xcconfig"; path = "Target Support Files/Pods-SizeThatFitsLayout/Pods-SizeThatFitsLayout.release.xcconfig"; sourceTree = "<group>"; };
		B2849B8583ACE7F0B4E379E1 /* Pods-SizeThatFitsLayout.debug.xcconfig */ = {isa = PBXFileReference; includeInIndex = 1; lastKnownFileType = text.xcconfig; name = "Pods-SizeThatFitsLayout.debug.xcconfig"; path = "Target Support Files/Pods-SizeThatFitsLayout/Pods-SizeThatFitsLayout.debug.xcconfig"; sourceTree = "<group>"; };
		BA3241F7B9E8F9502D3DA92B /* Pods_SizeThatFitsLayout.framework */ = {isa = PBXFileReference; explicitFileType = wrapper.framework; includeInIndex = 0; path = Pods_SizeThatFitsLayout.framework; sourceTree = BUILT_PRODUCTS_DIR; };
/* End PBXFileReference section */

/* Begin PBXFrameworksBuildPhase section */
		14B1075B262B3F9500F99413 /* Frameworks */ = {
			isa = PBXFrameworksBuildPhase;
			buildActionMask = 2147483647;
			files = (
				0FD650A540565E310596561A /* Pods_SizeThatFitsLayout.framework in Frameworks */,
			);
			runOnlyForDeploymentPostprocessing = 0;
		};
/* End PBXFrameworksBuildPhase section */

/* Begin PBXGroup section */
		14B10755262B3F9500F99413 = {
			isa = PBXGroup;
			children = (
				14B10760262B3F9500F99413 /* SizeThatFitsLayout */,
				14B1075F262B3F9500F99413 /* Products */,
				C81D97C0DCAC5A8C0B6C8814 /* Pods */,
				1846022F2156DC9CDB46BDBF /* Frameworks */,
			);
			sourceTree = "<group>";
		};
		14B1075F262B3F9500F99413 /* Products */ = {
			isa = PBXGroup;
			children = (
				14B1075E262B3F9500F99413 /* SizeThatFitsLayout.app */,
			);
			name = Products;
			sourceTree = "<group>";
		};
		14B10760262B3F9500F99413 /* SizeThatFitsLayout */ = {
			isa = PBXGroup;
			children = (
				14B1078B262B4C7500F99413 /* Utils */,
				14B1077D262B413B00F99413 /* DependencyManagement */,
				14B1077C262B413300F99413 /* Modules */,
				14B10761262B3F9500F99413 /* AppDelegate.swift */,
				14B10763262B3F9500F99413 /* SceneDelegate.swift */,
				14B1076A262B3F9600F99413 /* Assets.xcassets */,
				14B1076C262B3F9600F99413 /* LaunchScreen.storyboard */,
				14B1076F262B3F9600F99413 /* Info.plist */,
			);
			path = SizeThatFitsLayout;
			sourceTree = "<group>";
		};
		14B10777262B400400F99413 /* Root */ = {
			isa = PBXGroup;
			children = (
				14B10781262B426300F99413 /* RootViewController.swift */,
			);
			path = Root;
			sourceTree = "<group>";
		};
		14B10778262B400B00F99413 /* ExampleSelect */ = {
			isa = PBXGroup;
			children = (
				14B1078A262B4C4E00F99413 /* Model */,
				14B10788262B4C4200F99413 /* View */,
				14B10789262B4C4800F99413 /* Controller */,
			);
			path = ExampleSelect;
			sourceTree = "<group>";
		};
		14B1077C262B413300F99413 /* Modules */ = {
			isa = PBXGroup;
			children = (
				14B107A5262B7DE000F99413 /* FrameExample */,
				14B107A4262B7DD900F99413 /* PinExample */,
				14B107A0262B7DA600F99413 /* FlexExample */,
				14B10784262B49AF00F99413 /* Coordinator */,
				14B10777262B400400F99413 /* Root */,
				14B10778262B400B00F99413 /* ExampleSelect */,
			);
			path = Modules;
			sourceTree = "<group>";
		};
		14B1077D262B413B00F99413 /* DependencyManagement */ = {
			isa = PBXGroup;
			children = (
				14B1077E262B424B00F99413 /* ModuleFactory.swift */,
			);
			path = DependencyManagement;
			sourceTree = "<group>";
		};
		14B10784262B49AF00F99413 /* Coordinator */ = {
			isa = PBXGroup;
			children = (
				14B10785262B49BE00F99413 /* CoordinatorController.swift */,
			);
			path = Coordinator;
			sourceTree = "<group>";
		};
		14B10788262B4C4200F99413 /* View */ = {
			isa = PBXGroup;
			children = (
				14B10793262B588F00F99413 /* ExampleSelectRootView.swift */,
			);
			path = View;
			sourceTree = "<group>";
		};
		14B10789262B4C4800F99413 /* Controller */ = {
			isa = PBXGroup;
			children = (
				14B10790262B4F1800F99413 /* ExampleSelectViewController.swift */,
				14B10796262B66FD00F99413 /* ExampleSelectViewModel.swift */,
			);
			path = Controller;
			sourceTree = "<group>";
		};
		14B1078A262B4C4E00F99413 /* Model */ = {
			isa = PBXGroup;
			children = (
				14B10799262B6B5B00F99413 /* ExampleSelectModel.swift */,
			);
			path = Model;
			sourceTree = "<group>";
		};
		14B1078B262B4C7500F99413 /* Utils */ = {
			isa = PBXGroup;
			children = (
				14B1078C262B4CC400F99413 /* ViewSpecifying.swift */,
			);
			path = Utils;
			sourceTree = "<group>";
		};
		14B107A0262B7DA600F99413 /* FlexExample */ = {
			isa = PBXGroup;
			children = (
				14B107A3262B7DC500F99413 /* Model */,
				14B107A2262B7DB800F99413 /* View */,
				14B107A1262B7DB000F99413 /* Controller */,
			);
			path = FlexExample;
			sourceTree = "<group>";
		};
		14B107A1262B7DB000F99413 /* Controller */ = {
			isa = PBXGroup;
			children = (
				14B107AC262B7E2600F99413 /* FlexExampleViewController.swift */,
				14B107B6262B7E4F00F99413 /* FlexExampleViewModel.swift */,
				14EA087D264084A200CD5F30 /* FlexExampleChildViewModel.swift */,
			);
			path = Controller;
			sourceTree = "<group>";
		};
		14B107A2262B7DB800F99413 /* View */ = {
			isa = PBXGroup;
			children = (
				14B107B0262B7E3400F99413 /* FlexExampleView.swift */,
				14EA08792640842D00CD5F30 /* FlexExampleChildView.swift */,
			);
			path = View;
			sourceTree = "<group>";
		};
		14B107A3262B7DC500F99413 /* Model */ = {
			isa = PBXGroup;
			children = (
				14B107B3262B7E4000F99413 /* FlexExampleModel.swift */,
			);
			path = Model;
			sourceTree = "<group>";
		};
		14B107A4262B7DD900F99413 /* PinExample */ = {
			isa = PBXGroup;
			children = (
				14B107AB262B7E0A00F99413 /* Model */,
				14B107AA262B7E0600F99413 /* View */,
				14B107A9262B7E0200F99413 /* Controller */,
			);
			path = PinExample;
			sourceTree = "<group>";
		};
		14B107A5262B7DE000F99413 /* FrameExample */ = {
			isa = PBXGroup;
			children = (
				14B107A6262B7DE700F99413 /* Model */,
				14B107A7262B7DEB00F99413 /* View */,
				14B107A8262B7DF000F99413 /* Controller */,
			);
			path = FrameExample;
			sourceTree = "<group>";
		};
		14B107A6262B7DE700F99413 /* Model */ = {
			isa = PBXGroup;
			children = (
				14B107CF262B7EB200F99413 /* FrameExampleModel.swift */,
			);
			path = Model;
			sourceTree = "<group>";
		};
		14B107A7262B7DEB00F99413 /* View */ = {
			isa = PBXGroup;
			children = (
				14B107C8262B7E9700F99413 /* FrameExampleView.swift */,
			);
			path = View;
			sourceTree = "<group>";
		};
		14B107A8262B7DF000F99413 /* Controller */ = {
			isa = PBXGroup;
			children = (
				14B107C5262B7E8C00F99413 /* FrameExampleViewController.swift */,
				14B107CB262B7EA300F99413 /* FrameExampleViewModel.swift */,
			);
			path = Controller;
			sourceTree = "<group>";
		};
		14B107A9262B7E0200F99413 /* Controller */ = {
			isa = PBXGroup;
			children = (
				14B107B9262B7E6000F99413 /* PinExampleViewController.swift */,
				14B107BC262B7E6B00F99413 /* PinExampleViewModel.swift */,
				14EA088326408B5500CD5F30 /* PinExampleChildViewModel.swift */,
			);
			path = Controller;
			sourceTree = "<group>";
		};
		14B107AA262B7E0600F99413 /* View */ = {
			isa = PBXGroup;
			children = (
				14B107BF262B7E7500F99413 /* PinExampleView.swift */,
				14EA088026408AEF00CD5F30 /* PinExampleChildView.swift */,
			);
			path = View;
			sourceTree = "<group>";
		};
		14B107AB262B7E0A00F99413 /* Model */ = {
			isa = PBXGroup;
			children = (
				14B107C2262B7E7F00F99413 /* PinExampleModel.swift */,
			);
			path = Model;
			sourceTree = "<group>";
		};
		1846022F2156DC9CDB46BDBF /* Frameworks */ = {
			isa = PBXGroup;
			children = (
				BA3241F7B9E8F9502D3DA92B /* Pods_SizeThatFitsLayout.framework */,
			);
			name = Frameworks;
			sourceTree = "<group>";
		};
		C81D97C0DCAC5A8C0B6C8814 /* Pods */ = {
			isa = PBXGroup;
			children = (
				B2849B8583ACE7F0B4E379E1 /* Pods-SizeThatFitsLayout.debug.xcconfig */,
				8880025F4AE817C429A32CB2 /* Pods-SizeThatFitsLayout.release.xcconfig */,
			);
			path = Pods;
			sourceTree = "<group>";
		};
/* End PBXGroup section */

/* Begin PBXNativeTarget section */
		14B1075D262B3F9500F99413 /* SizeThatFitsLayout */ = {
			isa = PBXNativeTarget;
			buildConfigurationList = 14B10772262B3F9600F99413 /* Build configuration list for PBXNativeTarget "SizeThatFitsLayout" */;
			buildPhases = (
				24B88CC169AA118088797EE8 /* [CP] Check Pods Manifest.lock */,
				14B1075A262B3F9500F99413 /* Sources */,
				14B1075B262B3F9500F99413 /* Frameworks */,
				14B1075C262B3F9500F99413 /* Resources */,
				3C36CEF58F1C7D2913DF00CD /* [CP] Embed Pods Frameworks */,
			);
			buildRules = (
			);
			dependencies = (
			);
			name = SizeThatFitsLayout;
			productName = SizeThatFitsLayout;
			productReference = 14B1075E262B3F9500F99413 /* SizeThatFitsLayout.app */;
			productType = "com.apple.product-type.application";
		};
/* End PBXNativeTarget section */

/* Begin PBXProject section */
		14B10756262B3F9500F99413 /* Project object */ = {
			isa = PBXProject;
			attributes = {
				LastSwiftUpdateCheck = 1240;
				LastUpgradeCheck = 1240;
				TargetAttributes = {
					14B1075D262B3F9500F99413 = {
						CreatedOnToolsVersion = 12.4;
					};
				};
			};
			buildConfigurationList = 14B10759262B3F9500F99413 /* Build configuration list for PBXProject "SizeThatFitsLayout" */;
			compatibilityVersion = "Xcode 9.3";
			developmentRegion = en;
			hasScannedForEncodings = 0;
			knownRegions = (
				en,
				Base,
			);
			mainGroup = 14B10755262B3F9500F99413;
			productRefGroup = 14B1075F262B3F9500F99413 /* Products */;
			projectDirPath = "";
			projectRoot = "";
			targets = (
				14B1075D262B3F9500F99413 /* SizeThatFitsLayout */,
			);
		};
/* End PBXProject section */

/* Begin PBXResourcesBuildPhase section */
		14B1075C262B3F9500F99413 /* Resources */ = {
			isa = PBXResourcesBuildPhase;
			buildActionMask = 2147483647;
			files = (
				14B1076E262B3F9600F99413 /* LaunchScreen.storyboard in Resources */,
				14B1076B262B3F9600F99413 /* Assets.xcassets in Resources */,
			);
			runOnlyForDeploymentPostprocessing = 0;
		};
/* End PBXResourcesBuildPhase section */

/* Begin PBXShellScriptBuildPhase section */
		24B88CC169AA118088797EE8 /* [CP] Check Pods Manifest.lock */ = {
			isa = PBXShellScriptBuildPhase;
			buildActionMask = 2147483647;
			files = (
			);
			inputFileListPaths = (
			);
			inputPaths = (
				"${PODS_PODFILE_DIR_PATH}/Podfile.lock",
				"${PODS_ROOT}/Manifest.lock",
			);
			name = "[CP] Check Pods Manifest.lock";
			outputFileListPaths = (
			);
			outputPaths = (
				"$(DERIVED_FILE_DIR)/Pods-SizeThatFitsLayout-checkManifestLockResult.txt",
			);
			runOnlyForDeploymentPostprocessing = 0;
			shellPath = /bin/sh;
			shellScript = "diff \"${PODS_PODFILE_DIR_PATH}/Podfile.lock\" \"${PODS_ROOT}/Manifest.lock\" > /dev/null\nif [ $? != 0 ] ; then\n    # print error to STDERR\n    echo \"error: The sandbox is not in sync with the Podfile.lock. Run 'pod install' or update your CocoaPods installation.\" >&2\n    exit 1\nfi\n# This output is used by Xcode 'outputs' to avoid re-running this script phase.\necho \"SUCCESS\" > \"${SCRIPT_OUTPUT_FILE_0}\"\n";
			showEnvVarsInLog = 0;
		};
		3C36CEF58F1C7D2913DF00CD /* [CP] Embed Pods Frameworks */ = {
			isa = PBXShellScriptBuildPhase;
			buildActionMask = 2147483647;
			files = (
			);
			inputFileListPaths = (
				"${PODS_ROOT}/Target Support Files/Pods-SizeThatFitsLayout/Pods-SizeThatFitsLayout-frameworks-${CONFIGURATION}-input-files.xcfilelist",
			);
			name = "[CP] Embed Pods Frameworks";
			outputFileListPaths = (
				"${PODS_ROOT}/Target Support Files/Pods-SizeThatFitsLayout/Pods-SizeThatFitsLayout-frameworks-${CONFIGURATION}-output-files.xcfilelist",
			);
			runOnlyForDeploymentPostprocessing = 0;
			shellPath = /bin/sh;
			shellScript = "\"${PODS_ROOT}/Target Support Files/Pods-SizeThatFitsLayout/Pods-SizeThatFitsLayout-frameworks.sh\"\n";
			showEnvVarsInLog = 0;
		};
/* End PBXShellScriptBuildPhase section */

/* Begin PBXSourcesBuildPhase section */
		14B1075A262B3F9500F99413 /* Sources */ = {
			isa = PBXSourcesBuildPhase;
			buildActionMask = 2147483647;
			files = (
				14B107C3262B7E7F00F99413 /* PinExampleModel.swift in Sources */,
				14B107B4262B7E4000F99413 /* FlexExampleModel.swift in Sources */,
				14B107AD262B7E2600F99413 /* FlexExampleViewController.swift in Sources */,
				14B10797262B66FD00F99413 /* ExampleSelectViewModel.swift in Sources */,
				14B107BD262B7E6B00F99413 /* PinExampleViewModel.swift in Sources */,
				14EA087E264084A200CD5F30 /* FlexExampleChildViewModel.swift in Sources */,
				14B10762262B3F9500F99413 /* AppDelegate.swift in Sources */,
				14B107D0262B7EB200F99413 /* FrameExampleModel.swift in Sources */,
				14EA088126408AEF00CD5F30 /* PinExampleChildView.swift in Sources */,
				14B1079A262B6B5B00F99413 /* ExampleSelectModel.swift in Sources */,
				14EA087A2640842D00CD5F30 /* FlexExampleChildView.swift in Sources */,
				14B107C9262B7E9700F99413 /* FrameExampleView.swift in Sources */,
				14EA088426408B5500CD5F30 /* PinExampleChildViewModel.swift in Sources */,
				14B107CC262B7EA300F99413 /* FrameExampleViewModel.swift in Sources */,
				14B107BA262B7E6000F99413 /* PinExampleViewController.swift in Sources */,
				14B10794262B588F00F99413 /* ExampleSelectRootView.swift in Sources */,
				14B1077F262B424B00F99413 /* ModuleFactory.swift in Sources */,
				14B10782262B426300F99413 /* RootViewController.swift in Sources */,
				14B107C6262B7E8C00F99413 /* FrameExampleViewController.swift in Sources */,
				14B1078D262B4CC400F99413 /* ViewSpecifying.swift in Sources */,
				14B10764262B3F9500F99413 /* SceneDelegate.swift in Sources */,
				14B10791262B4F1800F99413 /* ExampleSelectViewController.swift in Sources */,
				14B107B1262B7E3400F99413 /* FlexExampleView.swift in Sources */,
				14B107B7262B7E4F00F99413 /* FlexExampleViewModel.swift in Sources */,
				14B107C0262B7E7500F99413 /* PinExampleView.swift in Sources */,
				14B10786262B49BE00F99413 /* CoordinatorController.swift in Sources */,
			);
			runOnlyForDeploymentPostprocessing = 0;
		};
/* End PBXSourcesBuildPhase section */

/* Begin PBXVariantGroup section */
		14B1076C262B3F9600F99413 /* LaunchScreen.storyboard */ = {
			isa = PBXVariantGroup;
			children = (
				14B1076D262B3F9600F99413 /* Base */,
			);
			name = LaunchScreen.storyboard;
			sourceTree = "<group>";
		};
/* End PBXVariantGroup section */

/* Begin XCBuildConfiguration section */
		14B10770262B3F9600F99413 /* Debug */ = {
			isa = XCBuildConfiguration;
			buildSettings = {
				ALWAYS_SEARCH_USER_PATHS = NO;
				CLANG_ANALYZER_NONNULL = YES;
				CLANG_ANALYZER_NUMBER_OBJECT_CONVERSION = YES_AGGRESSIVE;
				CLANG_CXX_LANGUAGE_STANDARD = "gnu++14";
				CLANG_CXX_LIBRARY = "libc++";
				CLANG_ENABLE_MODULES = YES;
				CLANG_ENABLE_OBJC_ARC = YES;
				CLANG_ENABLE_OBJC_WEAK = YES;
				CLANG_WARN_BLOCK_CAPTURE_AUTORELEASING = YES;
				CLANG_WARN_BOOL_CONVERSION = YES;
				CLANG_WARN_COMMA = YES;
				CLANG_WARN_CONSTANT_CONVERSION = YES;
				CLANG_WARN_DEPRECATED_OBJC_IMPLEMENTATIONS = YES;
				CLANG_WARN_DIRECT_OBJC_ISA_USAGE = YES_ERROR;
				CLANG_WARN_DOCUMENTATION_COMMENTS = YES;
				CLANG_WARN_EMPTY_BODY = YES;
				CLANG_WARN_ENUM_CONVERSION = YES;
				CLANG_WARN_INFINITE_RECURSION = YES;
				CLANG_WARN_INT_CONVERSION = YES;
				CLANG_WARN_NON_LITERAL_NULL_CONVERSION = YES;
				CLANG_WARN_OBJC_IMPLICIT_RETAIN_SELF = YES;
				CLANG_WARN_OBJC_LITERAL_CONVERSION = YES;
				CLANG_WARN_OBJC_ROOT_CLASS = YES_ERROR;
				CLANG_WARN_QUOTED_INCLUDE_IN_FRAMEWORK_HEADER = YES;
				CLANG_WARN_RANGE_LOOP_ANALYSIS = YES;
				CLANG_WARN_STRICT_PROTOTYPES = YES;
				CLANG_WARN_SUSPICIOUS_MOVE = YES;
				CLANG_WARN_UNGUARDED_AVAILABILITY = YES_AGGRESSIVE;
				CLANG_WARN_UNREACHABLE_CODE = YES;
				CLANG_WARN__DUPLICATE_METHOD_MATCH = YES;
				COPY_PHASE_STRIP = NO;
				DEBUG_INFORMATION_FORMAT = dwarf;
				ENABLE_STRICT_OBJC_MSGSEND = YES;
				ENABLE_TESTABILITY = YES;
				GCC_C_LANGUAGE_STANDARD = gnu11;
				GCC_DYNAMIC_NO_PIC = NO;
				GCC_NO_COMMON_BLOCKS = YES;
				GCC_OPTIMIZATION_LEVEL = 0;
				GCC_PREPROCESSOR_DEFINITIONS = (
					"DEBUG=1",
					"$(inherited)",
				);
				GCC_WARN_64_TO_32_BIT_CONVERSION = YES;
				GCC_WARN_ABOUT_RETURN_TYPE = YES_ERROR;
				GCC_WARN_UNDECLARED_SELECTOR = YES;
				GCC_WARN_UNINITIALIZED_AUTOS = YES_AGGRESSIVE;
				GCC_WARN_UNUSED_FUNCTION = YES;
				GCC_WARN_UNUSED_VARIABLE = YES;
				IPHONEOS_DEPLOYMENT_TARGET = 14.4;
				MTL_ENABLE_DEBUG_INFO = INCLUDE_SOURCE;
				MTL_FAST_MATH = YES;
				ONLY_ACTIVE_ARCH = YES;
				SDKROOT = iphoneos;
				SWIFT_ACTIVE_COMPILATION_CONDITIONS = DEBUG;
				SWIFT_OPTIMIZATION_LEVEL = "-Onone";
			};
			name = Debug;
		};
		14B10771262B3F9600F99413 /* Release */ = {
			isa = XCBuildConfiguration;
			buildSettings = {
				ALWAYS_SEARCH_USER_PATHS = NO;
				CLANG_ANALYZER_NONNULL = YES;
				CLANG_ANALYZER_NUMBER_OBJECT_CONVERSION = YES_AGGRESSIVE;
				CLANG_CXX_LANGUAGE_STANDARD = "gnu++14";
				CLANG_CXX_LIBRARY = "libc++";
				CLANG_ENABLE_MODULES = YES;
				CLANG_ENABLE_OBJC_ARC = YES;
				CLANG_ENABLE_OBJC_WEAK = YES;
				CLANG_WARN_BLOCK_CAPTURE_AUTORELEASING = YES;
				CLANG_WARN_BOOL_CONVERSION = YES;
				CLANG_WARN_COMMA = YES;
				CLANG_WARN_CONSTANT_CONVERSION = YES;
				CLANG_WARN_DEPRECATED_OBJC_IMPLEMENTATIONS = YES;
				CLANG_WARN_DIRECT_OBJC_ISA_USAGE = YES_ERROR;
				CLANG_WARN_DOCUMENTATION_COMMENTS = YES;
				CLANG_WARN_EMPTY_BODY = YES;
				CLANG_WARN_ENUM_CONVERSION = YES;
				CLANG_WARN_INFINITE_RECURSION = YES;
				CLANG_WARN_INT_CONVERSION = YES;
				CLANG_WARN_NON_LITERAL_NULL_CONVERSION = YES;
				CLANG_WARN_OBJC_IMPLICIT_RETAIN_SELF = YES;
				CLANG_WARN_OBJC_LITERAL_CONVERSION = YES;
				CLANG_WARN_OBJC_ROOT_CLASS = YES_ERROR;
				CLANG_WARN_QUOTED_INCLUDE_IN_FRAMEWORK_HEADER = YES;
				CLANG_WARN_RANGE_LOOP_ANALYSIS = YES;
				CLANG_WARN_STRICT_PROTOTYPES = YES;
				CLANG_WARN_SUSPICIOUS_MOVE = YES;
				CLANG_WARN_UNGUARDED_AVAILABILITY = YES_AGGRESSIVE;
				CLANG_WARN_UNREACHABLE_CODE = YES;
				CLANG_WARN__DUPLICATE_METHOD_MATCH = YES;
				COPY_PHASE_STRIP = NO;
				DEBUG_INFORMATION_FORMAT = "dwarf-with-dsym";
				ENABLE_NS_ASSERTIONS = NO;
				ENABLE_STRICT_OBJC_MSGSEND = YES;
				GCC_C_LANGUAGE_STANDARD = gnu11;
				GCC_NO_COMMON_BLOCKS = YES;
				GCC_WARN_64_TO_32_BIT_CONVERSION = YES;
				GCC_WARN_ABOUT_RETURN_TYPE = YES_ERROR;
				GCC_WARN_UNDECLARED_SELECTOR = YES;
				GCC_WARN_UNINITIALIZED_AUTOS = YES_AGGRESSIVE;
				GCC_WARN_UNUSED_FUNCTION = YES;
				GCC_WARN_UNUSED_VARIABLE = YES;
				IPHONEOS_DEPLOYMENT_TARGET = 14.4;
				MTL_ENABLE_DEBUG_INFO = NO;
				MTL_FAST_MATH = YES;
				SDKROOT = iphoneos;
				SWIFT_COMPILATION_MODE = wholemodule;
				SWIFT_OPTIMIZATION_LEVEL = "-O";
				VALIDATE_PRODUCT = YES;
			};
			name = Release;
		};
		14B10773262B3F9600F99413 /* Debug */ = {
			isa = XCBuildConfiguration;
			baseConfigurationReference = B2849B8583ACE7F0B4E379E1 /* Pods-SizeThatFitsLayout.debug.xcconfig */;
			buildSettings = {
				ASSETCATALOG_COMPILER_APPICON_NAME = AppIcon;
				ASSETCATALOG_COMPILER_GLOBAL_ACCENT_COLOR_NAME = AccentColor;
				CODE_SIGN_STYLE = Automatic;
				DEVELOPMENT_TEAM = 9728T87YMH;
				INFOPLIST_FILE = SizeThatFitsLayout/Info.plist;
				IPHONEOS_DEPLOYMENT_TARGET = 13.0;
				LD_RUNPATH_SEARCH_PATHS = (
					"$(inherited)",
					"@executable_path/Frameworks",
				);
				PRODUCT_BUNDLE_IDENTIFIER = com.airdron.SizeThatFitsLayout;
				PRODUCT_NAME = "$(TARGET_NAME)";
				SWIFT_VERSION = 5.0;
				TARGETED_DEVICE_FAMILY = "1,2";
			};
			name = Debug;
		};
		14B10774262B3F9600F99413 /* Release */ = {
			isa = XCBuildConfiguration;
			baseConfigurationReference = 8880025F4AE817C429A32CB2 /* Pods-SizeThatFitsLayout.release.xcconfig */;
			buildSettings = {
				ASSETCATALOG_COMPILER_APPICON_NAME = AppIcon;
				ASSETCATALOG_COMPILER_GLOBAL_ACCENT_COLOR_NAME = AccentColor;
				CODE_SIGN_STYLE = Automatic;
				DEVELOPMENT_TEAM = 9728T87YMH;
				INFOPLIST_FILE = SizeThatFitsLayout/Info.plist;
				IPHONEOS_DEPLOYMENT_TARGET = 13.0;
				LD_RUNPATH_SEARCH_PATHS = (
					"$(inherited)",
					"@executable_path/Frameworks",
				);
				PRODUCT_BUNDLE_IDENTIFIER = com.airdron.SizeThatFitsLayout;
				PRODUCT_NAME = "$(TARGET_NAME)";
				SWIFT_VERSION = 5.0;
				TARGETED_DEVICE_FAMILY = "1,2";
			};
			name = Release;
		};
/* End XCBuildConfiguration section */

/* Begin XCConfigurationList section */
		14B10759262B3F9500F99413 /* Build configuration list for PBXProject "SizeThatFitsLayout" */ = {
			isa = XCConfigurationList;
			buildConfigurations = (
				14B10770262B3F9600F99413 /* Debug */,
				14B10771262B3F9600F99413 /* Release */,
			);
			defaultConfigurationIsVisible = 0;
			defaultConfigurationName = Release;
		};
		14B10772262B3F9600F99413 /* Build configuration list for PBXNativeTarget "SizeThatFitsLayout" */ = {
			isa = XCConfigurationList;
			buildConfigurations = (
				14B10773262B3F9600F99413 /* Debug */,
				14B10774262B3F9600F99413 /* Release */,
			);
			defaultConfigurationIsVisible = 0;
			defaultConfigurationName = Release;
		};
/* End XCConfigurationList section */
	};
	rootObject = 14B10756262B3F9500F99413 /* Project object */;
}
